{
  "name": "@yavdaanalytics/context-optimiser",
  "version": "0.1.1",
  "lockfileVersion": 3,
  "requires": true,
  "packages": {
    "": {
      "name": "@yavdaanalytics/context-optimiser",
      "version": "0.1.1",
      "license": "MIT",
      "bin": {
        "context-optimiser": "bin/index.js",
        "context-optimiser-setup": "bin/setup.js"
      },
      "engines": {
        "node": ">=20.0.0"
      }
    }
  }
}
